
Microsoft Visual Studio Solution File, Format Version 12.00
# Visual Studio Version 17
VisualStudioVersion = 17.9.34616.47
MinimumVisualStudioVersion = 10.0.40219.1
Project("{FAE04EC0-301F-11D3-BF4B-00C04F79EFBC}") = "vjezbaString2", "vjezbaString2\vjezbaString2.csproj", "{CBF36FB8-5BA5-46CF-BD58-3D51DBF31241}"
EndProject
Global
	GlobalSection(SolutionConfigurationPlatforms) = preSolution
		Debug|Any CPU = Debug|Any CPU
		Release|Any CPU = Release|Any CPU
	EndGlobalSection
	GlobalSection(ProjectConfigurationPlatforms) = postSolution
		{CBF36FB8-5BA5-46CF-BD58-3D51DBF31241}.Debug|Any CPU.ActiveCfg = Debug|Any CPU
		{CBF36FB8-5BA5-46CF-BD58-3D51DBF31241}.Debug|Any CPU.Build.0 = Debug|Any CPU
		{CBF36FB8-5BA5-46CF-BD58-3D51DBF31241}.Release|Any CPU.ActiveCfg = Release|Any CPU
		{CBF36FB8-5BA5-46CF-BD58-3D51DBF31241}.Release|Any CPU.Build.0 = Release|Any CPU
	EndGlobalSection
	GlobalSection(SolutionProperties) = preSolution
		HideSolutionNode = FALSE
	EndGlobalSection
	GlobalSection(ExtensibilityGlobals) = postSolution
		SolutionGuid = {2AF6ECBF-AD62-4E66-BEA3-73222568D264}
	EndGlobalSection
EndGlobal
